
Microsoft Visual Studio Solution File, Format Version 12.00
# Visual Studio Version 16
VisualStudioVersion = 16.0.31205.134
MinimumVisualStudioVersion = 10.0.40219.1
Project("{8BC9CEB8-8B4A-11D0-8D11-00A0C91BC942}") = "videoEditor", "videoEditor.vcxproj", "{CF1785FD-3D14-4ECB-B2B7-BA81040C4C5C}"
EndProject
Global
	GlobalSection(SolutionConfigurationPlatforms) = preSolution
		Debug|x64 = Debug|x64
		Release|x64 = Release|x64
	EndGlobalSection
	GlobalSection(ProjectConfigurationPlatforms) = postSolution
		{CF1785FD-3D14-4ECB-B2B7-BA81040C4C5C}.Debug|x64.ActiveCfg = Debug|x64
		{CF1785FD-3D14-4ECB-B2B7-BA81040C4C5C}.Debug|x64.Build.0 = Debug|x64
		{CF1785FD-3D14-4ECB-B2B7-BA81040C4C5C}.Release|x64.ActiveCfg = Release|x64
		{CF1785FD-3D14-4ECB-B2B7-BA81040C4C5C}.Release|x64.Build.0 = Release|x64
	EndGlobalSection
	GlobalSection(SolutionProperties) = preSolution
		HideSolutionNode = FALSE
	EndGlobalSection
	GlobalSection(ExtensibilityGlobals) = postSolution
		SolutionGuid = {CF22BA20-87C6-4112-BE61-12F9834AC113}
	EndGlobalSection
EndGlobal
